# This file is automatically @generated by Poetry 1.4.1 and should not be changed by hand.

[[package]]
name = "simpy"
version = "4.0.2"
description = "Event discrete, process based simulation for Python."
category = "main"
optional = false
python-versions = ">=3.6"
files = [
    {file = "simpy-4.0.2-py2.py3-none-any.whl", hash = "sha256:603cdf4299e396c9f16b10806e749decb0d08a7e72e0c26f9eb9762b9bde29cc"},
    {file = "simpy-4.0.2.tar.gz", hash = "sha256:6d8adc0229df6b02fb7e26dcd1338703b4f4f63f167a5ac2a7213cb80aba4484"},
]

[metadata]
lock-version = "2.0"
python-versions = "^3.11"
content-hash = "473dcab15fa28886d82a57bafb3bcaea24776cd32294b5793cf9fc314656509f"
